
Microsoft Visual Studio Solution File, Format Version 12.00
# Visual Studio Version 16
VisualStudioVersion = 16.0.29318.209
MinimumVisualStudioVersion = 15.0.26124.0
Project("{2150E333-8FDC-42A3-9474-1A3956D46DE8}") = "src", "src", "{9B2BA76A-80CD-4384-8833-69798B30A924}"
EndProject
Project("{9A19103F-16F7-4668-BE54-9A1E7A4F7556}") = "StatementScraper", "src\StatementScraper\StatementScraper.csproj", "{F4BF95B9-5BB4-4E4E-970D-49A3AA026A0D}"
EndProject
Project("{9A19103F-16F7-4668-BE54-9A1E7A4F7556}") = "WorkerService", "src\WorkerService\WorkerService.csproj", "{E744AC36-5CFA-4C89-86E0-E904A9416B87}"
EndProject
Project("{2150E333-8FDC-42A3-9474-1A3956D46DE8}") = "tests", "tests", "{F64F624C-E5B3-49D8-BA15-571DE20EA226}"
EndProject
Project("{9A19103F-16F7-4668-BE54-9A1E7A4F7556}") = "StatementDeserializer", "src\StatementDeserializer\StatementDeserializer.csproj", "{FAAE7EB3-6662-4A12-83F3-79C553EE014E}"
EndProject
Project("{9A19103F-16F7-4668-BE54-9A1E7A4F7556}") = "StatementDeserializer.UnitTests", "tests\StatementDeserializer.UnitTests\StatementDeserializer.UnitTests.csproj", "{CC981E94-5D6B-4ACF-9D23-32681E59A4E8}"
EndProject
Project("{9A19103F-16F7-4668-BE54-9A1E7A4F7556}") = "StatementSaver", "src\StatementSaver\StatementSaver.csproj", "{06CC660D-45B2-42E9-9649-575EFACAB856}"
EndProject
Project("{00D1A9C2-B5F0-4AF3-8072-F6C62B433612}") = "StatementDatabase", "src\StatementDatabase\StatementDatabase.sqlproj", "{E3940A26-781E-4299-ACC9-A8DAAB704EA8}"
EndProject
Project("{9A19103F-16F7-4668-BE54-9A1E7A4F7556}") = "Contracts", "src\Contracts\Contracts.csproj", "{5477AC66-C4C1-49BD-A003-86C0847ED474}"
EndProject
Project("{2150E333-8FDC-42A3-9474-1A3956D46DE8}") = "libs", "libs", "{9830B2FF-1CA0-4780-965A-4EC2E7530848}"
EndProject
Global
	GlobalSection(SolutionConfigurationPlatforms) = preSolution
		Debug|Any CPU = Debug|Any CPU
		Debug|x64 = Debug|x64
		Debug|x86 = Debug|x86
		Release|Any CPU = Release|Any CPU
		Release|x64 = Release|x64
		Release|x86 = Release|x86
	EndGlobalSection
	GlobalSection(ProjectConfigurationPlatforms) = postSolution
		{F4BF95B9-5BB4-4E4E-970D-49A3AA026A0D}.Debug|Any CPU.ActiveCfg = Debug|Any CPU
		{F4BF95B9-5BB4-4E4E-970D-49A3AA026A0D}.Debug|Any CPU.Build.0 = Debug|Any CPU
		{F4BF95B9-5BB4-4E4E-970D-49A3AA026A0D}.Debug|x64.ActiveCfg = Debug|Any CPU
		{F4BF95B9-5BB4-4E4E-970D-49A3AA026A0D}.Debug|x64.Build.0 = Debug|Any CPU
		{F4BF95B9-5BB4-4E4E-970D-49A3AA026A0D}.Debug|x86.ActiveCfg = Debug|Any CPU
		{F4BF95B9-5BB4-4E4E-970D-49A3AA026A0D}.Debug|x86.Build.0 = Debug|Any CPU
		{F4BF95B9-5BB4-4E4E-970D-49A3AA026A0D}.Release|Any CPU.ActiveCfg = Release|Any CPU
		{F4BF95B9-5BB4-4E4E-970D-49A3AA026A0D}.Release|Any CPU.Build.0 = Release|Any CPU
		{F4BF95B9-5BB4-4E4E-970D-49A3AA026A0D}.Release|x64.ActiveCfg = Release|Any CPU
		{F4BF95B9-5BB4-4E4E-970D-49A3AA026A0D}.Release|x64.Build.0 = Release|Any CPU
		{F4BF95B9-5BB4-4E4E-970D-49A3AA026A0D}.Release|x86.ActiveCfg = Release|Any CPU
		{F4BF95B9-5BB4-4E4E-970D-49A3AA026A0D}.Release|x86.Build.0 = Release|Any CPU
		{E744AC36-5CFA-4C89-86E0-E904A9416B87}.Debug|Any CPU.ActiveCfg = Debug|Any CPU
		{E744AC36-5CFA-4C89-86E0-E904A9416B87}.Debug|Any CPU.Build.0 = Debug|Any CPU
		{E744AC36-5CFA-4C89-86E0-E904A9416B87}.Debug|x64.ActiveCfg = Debug|Any CPU
		{E744AC36-5CFA-4C89-86E0-E904A9416B87}.Debug|x64.Build.0 = Debug|Any CPU
		{E744AC36-5CFA-4C89-86E0-E904A9416B87}.Debug|x86.ActiveCfg = Debug|Any CPU
		{E744AC36-5CFA-4C89-86E0-E904A9416B87}.Debug|x86.Build.0 = Debug|Any CPU
		{E744AC36-5CFA-4C89-86E0-E904A9416B87}.Release|Any CPU.ActiveCfg = Release|Any CPU
		{E744AC36-5CFA-4C89-86E0-E904A9416B87}.Release|Any CPU.Build.0 = Release|Any CPU
		{E744AC36-5CFA-4C89-86E0-E904A9416B87}.Release|x64.ActiveCfg = Release|Any CPU
		{E744AC36-5CFA-4C89-86E0-E904A9416B87}.Release|x64.Build.0 = Release|Any CPU
		{E744AC36-5CFA-4C89-86E0-E904A9416B87}.Release|x86.ActiveCfg = Release|Any CPU
		{E744AC36-5CFA-4C89-86E0-E904A9416B87}.Release|x86.Build.0 = Release|Any CPU
		{FAAE7EB3-6662-4A12-83F3-79C553EE014E}.Debug|Any CPU.ActiveCfg = Debug|Any CPU
		{FAAE7EB3-6662-4A12-83F3-79C553EE014E}.Debug|Any CPU.Build.0 = Debug|Any CPU
		{FAAE7EB3-6662-4A12-83F3-79C553EE014E}.Debug|x64.ActiveCfg = Debug|Any CPU
		{FAAE7EB3-6662-4A12-83F3-79C553EE014E}.Debug|x64.Build.0 = Debug|Any CPU
		{FAAE7EB3-6662-4A12-83F3-79C553EE014E}.Debug|x86.ActiveCfg = Debug|Any CPU
		{FAAE7EB3-6662-4A12-83F3-79C553EE014E}.Debug|x86.Build.0 = Debug|Any CPU
		{FAAE7EB3-6662-4A12-83F3-79C553EE014E}.Release|Any CPU.ActiveCfg = Release|Any CPU
		{FAAE7EB3-6662-4A12-83F3-79C553EE014E}.Release|Any CPU.Build.0 = Release|Any CPU
		{FAAE7EB3-6662-4A12-83F3-79C553EE014E}.Release|x64.ActiveCfg = Release|Any CPU
		{FAAE7EB3-6662-4A12-83F3-79C553EE014E}.Release|x64.Build.0 = Release|Any CPU
		{FAAE7EB3-6662-4A12-83F3-79C553EE014E}.Release|x86.ActiveCfg = Release|Any CPU
		{FAAE7EB3-6662-4A12-83F3-79C553EE014E}.Release|x86.Build.0 = Release|Any CPU
		{CC981E94-5D6B-4ACF-9D23-32681E59A4E8}.Debug|Any CPU.ActiveCfg = Debug|Any CPU
		{CC981E94-5D6B-4ACF-9D23-32681E59A4E8}.Debug|Any CPU.Build.0 = Debug|Any CPU
		{CC981E94-5D6B-4ACF-9D23-32681E59A4E8}.Debug|x64.ActiveCfg = Debug|Any CPU
		{CC981E94-5D6B-4ACF-9D23-32681E59A4E8}.Debug|x64.Build.0 = Debug|Any CPU
		{CC981E94-5D6B-4ACF-9D23-32681E59A4E8}.Debug|x86.ActiveCfg = Debug|Any CPU
		{CC981E94-5D6B-4ACF-9D23-32681E59A4E8}.Debug|x86.Build.0 = Debug|Any CPU
		{CC981E94-5D6B-4ACF-9D23-32681E59A4E8}.Release|Any CPU.ActiveCfg = Release|Any CPU
		{CC981E94-5D6B-4ACF-9D23-32681E59A4E8}.Release|Any CPU.Build.0 = Release|Any CPU
		{CC981E94-5D6B-4ACF-9D23-32681E59A4E8}.Release|x64.ActiveCfg = Release|Any CPU
		{CC981E94-5D6B-4ACF-9D23-32681E59A4E8}.Release|x64.Build.0 = Release|Any CPU
		{CC981E94-5D6B-4ACF-9D23-32681E59A4E8}.Release|x86.ActiveCfg = Release|Any CPU
		{CC981E94-5D6B-4ACF-9D23-32681E59A4E8}.Release|x86.Build.0 = Release|Any CPU
		{06CC660D-45B2-42E9-9649-575EFACAB856}.Debug|Any CPU.ActiveCfg = Debug|Any CPU
		{06CC660D-45B2-42E9-9649-575EFACAB856}.Debug|Any CPU.Build.0 = Debug|Any CPU
		{06CC660D-45B2-42E9-9649-575EFACAB856}.Debug|x64.ActiveCfg = Debug|Any CPU
		{06CC660D-45B2-42E9-9649-575EFACAB856}.Debug|x64.Build.0 = Debug|Any CPU
		{06CC660D-45B2-42E9-9649-575EFACAB856}.Debug|x86.ActiveCfg = Debug|Any CPU
		{06CC660D-45B2-42E9-9649-575EFACAB856}.Debug|x86.Build.0 = Debug|Any CPU
		{06CC660D-45B2-42E9-9649-575EFACAB856}.Release|Any CPU.ActiveCfg = Release|Any CPU
		{06CC660D-45B2-42E9-9649-575EFACAB856}.Release|Any CPU.Build.0 = Release|Any CPU
		{06CC660D-45B2-42E9-9649-575EFACAB856}.Release|x64.ActiveCfg = Release|Any CPU
		{06CC660D-45B2-42E9-9649-575EFACAB856}.Release|x64.Build.0 = Release|Any CPU
		{06CC660D-45B2-42E9-9649-575EFACAB856}.Release|x86.ActiveCfg = Release|Any CPU
		{06CC660D-45B2-42E9-9649-575EFACAB856}.Release|x86.Build.0 = Release|Any CPU
		{E3940A26-781E-4299-ACC9-A8DAAB704EA8}.Debug|Any CPU.ActiveCfg = Debug|Any CPU
		{E3940A26-781E-4299-ACC9-A8DAAB704EA8}.Debug|Any CPU.Build.0 = Debug|Any CPU
		{E3940A26-781E-4299-ACC9-A8DAAB704EA8}.Debug|Any CPU.Deploy.0 = Debug|Any CPU
		{E3940A26-781E-4299-ACC9-A8DAAB704EA8}.Debug|x64.ActiveCfg = Debug|Any CPU
		{E3940A26-781E-4299-ACC9-A8DAAB704EA8}.Debug|x64.Build.0 = Debug|Any CPU
		{E3940A26-781E-4299-ACC9-A8DAAB704EA8}.Debug|x64.Deploy.0 = Debug|Any CPU
		{E3940A26-781E-4299-ACC9-A8DAAB704EA8}.Debug|x86.ActiveCfg = Debug|Any CPU
		{E3940A26-781E-4299-ACC9-A8DAAB704EA8}.Debug|x86.Build.0 = Debug|Any CPU
		{E3940A26-781E-4299-ACC9-A8DAAB704EA8}.Debug|x86.Deploy.0 = Debug|Any CPU
		{E3940A26-781E-4299-ACC9-A8DAAB704EA8}.Release|Any CPU.ActiveCfg = Release|Any CPU
		{E3940A26-781E-4299-ACC9-A8DAAB704EA8}.Release|Any CPU.Build.0 = Release|Any CPU
		{E3940A26-781E-4299-ACC9-A8DAAB704EA8}.Release|Any CPU.Deploy.0 = Release|Any CPU
		{E3940A26-781E-4299-ACC9-A8DAAB704EA8}.Release|x64.ActiveCfg = Release|Any CPU
		{E3940A26-781E-4299-ACC9-A8DAAB704EA8}.Release|x64.Build.0 = Release|Any CPU
		{E3940A26-781E-4299-ACC9-A8DAAB704EA8}.Release|x64.Deploy.0 = Release|Any CPU
		{E3940A26-781E-4299-ACC9-A8DAAB704EA8}.Release|x86.ActiveCfg = Release|Any CPU
		{E3940A26-781E-4299-ACC9-A8DAAB704EA8}.Release|x86.Build.0 = Release|Any CPU
		{E3940A26-781E-4299-ACC9-A8DAAB704EA8}.Release|x86.Deploy.0 = Release|Any CPU
		{5477AC66-C4C1-49BD-A003-86C0847ED474}.Debug|Any CPU.ActiveCfg = Debug|Any CPU
		{5477AC66-C4C1-49BD-A003-86C0847ED474}.Debug|Any CPU.Build.0 = Debug|Any CPU
		{5477AC66-C4C1-49BD-A003-86C0847ED474}.Debug|x64.ActiveCfg = Debug|Any CPU
		{5477AC66-C4C1-49BD-A003-86C0847ED474}.Debug|x64.Build.0 = Debug|Any CPU
		{5477AC66-C4C1-49BD-A003-86C0847ED474}.Debug|x86.ActiveCfg = Debug|Any CPU
		{5477AC66-C4C1-49BD-A003-86C0847ED474}.Debug|x86.Build.0 = Debug|Any CPU
		{5477AC66-C4C1-49BD-A003-86C0847ED474}.Release|Any CPU.ActiveCfg = Release|Any CPU
		{5477AC66-C4C1-49BD-A003-86C0847ED474}.Release|Any CPU.Build.0 = Release|Any CPU
		{5477AC66-C4C1-49BD-A003-86C0847ED474}.Release|x64.ActiveCfg = Release|Any CPU
		{5477AC66-C4C1-49BD-A003-86C0847ED474}.Release|x64.Build.0 = Release|Any CPU
		{5477AC66-C4C1-49BD-A003-86C0847ED474}.Release|x86.ActiveCfg = Release|Any CPU
		{5477AC66-C4C1-49BD-A003-86C0847ED474}.Release|x86.Build.0 = Release|Any CPU
	EndGlobalSection
	GlobalSection(SolutionProperties) = preSolution
		HideSolutionNode = FALSE
	EndGlobalSection
	GlobalSection(NestedProjects) = preSolution
		{F4BF95B9-5BB4-4E4E-970D-49A3AA026A0D} = {9830B2FF-1CA0-4780-965A-4EC2E7530848}
		{E744AC36-5CFA-4C89-86E0-E904A9416B87} = {9B2BA76A-80CD-4384-8833-69798B30A924}
		{FAAE7EB3-6662-4A12-83F3-79C553EE014E} = {9830B2FF-1CA0-4780-965A-4EC2E7530848}
		{CC981E94-5D6B-4ACF-9D23-32681E59A4E8} = {F64F624C-E5B3-49D8-BA15-571DE20EA226}
		{06CC660D-45B2-42E9-9649-575EFACAB856} = {9830B2FF-1CA0-4780-965A-4EC2E7530848}
		{E3940A26-781E-4299-ACC9-A8DAAB704EA8} = {9B2BA76A-80CD-4384-8833-69798B30A924}
		{5477AC66-C4C1-49BD-A003-86C0847ED474} = {9830B2FF-1CA0-4780-965A-4EC2E7530848}
		{9830B2FF-1CA0-4780-965A-4EC2E7530848} = {9B2BA76A-80CD-4384-8833-69798B30A924}
	EndGlobalSection
	GlobalSection(ExtensibilityGlobals) = postSolution
		SolutionGuid = {E4F8290F-DDBE-4460-9ADE-298EB04F7C81}
	EndGlobalSection
EndGlobal
